
Microsoft Visual Studio Solution File, Format Version 12.00
# Visual Studio Version 16
VisualStudioVersion = 16.0.29613.14
MinimumVisualStudioVersion = 10.0.40219.1
Project("{FAE04EC0-301F-11D3-BF4B-00C04F79EFBC}") = "ConsoleApp_NEW", "ConsoleApp_NEW\ConsoleApp_NEW.csproj", "{CE7C7A11-EDE6-4698-9143-2F3774CB2450}"
EndProject
Global
	GlobalSection(SolutionConfigurationPlatforms) = preSolution
		Debug|Any CPU = Debug|Any CPU
		Release|Any CPU = Release|Any CPU
	EndGlobalSection
	GlobalSection(ProjectConfigurationPlatforms) = postSolution
		{CE7C7A11-EDE6-4698-9143-2F3774CB2450}.Debug|Any CPU.ActiveCfg = Debug|Any CPU
		{CE7C7A11-EDE6-4698-9143-2F3774CB2450}.Debug|Any CPU.Build.0 = Debug|Any CPU
		{CE7C7A11-EDE6-4698-9143-2F3774CB2450}.Release|Any CPU.ActiveCfg = Release|Any CPU
		{CE7C7A11-EDE6-4698-9143-2F3774CB2450}.Release|Any CPU.Build.0 = Release|Any CPU
	EndGlobalSection
	GlobalSection(SolutionProperties) = preSolution
		HideSolutionNode = FALSE
	EndGlobalSection
	GlobalSection(ExtensibilityGlobals) = postSolution
		SolutionGuid = {B877187E-59B7-41A6-A13B-D1C01FB26283}
	EndGlobalSection
EndGlobal
